
Microsoft Visual Studio Solution File, Format Version 12.00
# Visual Studio 14
VisualStudioVersion = 14.0.25420.1
MinimumVisualStudioVersion = 10.0.40219.1
Project("{2150E333-8FDC-42A3-9474-1A3956D46DE8}") = "src", "src", "{7C70714F-A3B4-4891-9D75-3912E7DC3C3E}"
EndProject
Project("{2150E333-8FDC-42A3-9474-1A3956D46DE8}") = "Solution Items", "Solution Items", "{890B3203-9D02-41F1-AC79-BF8C47974015}"
	ProjectSection(SolutionItems) = preProject
		global.json = global.json
	EndProjectSection
EndProject
Project("{8BB2217D-0F2D-49D1-97BC-3654ED321F3B}") = "StripePayMVCCore", "src\StripePayMVCCore\StripePayMVCCore.xproj", "{101164CE-885F-45A0-A26C-3D0D3777BF18}"
EndProject
Project("{2150E333-8FDC-42A3-9474-1A3956D46DE8}") = "Presentation", "Presentation", "{3B9C6457-4A30-4E62-B20C-AD540CA04FCC}"
	ProjectSection(SolutionItems) = preProject
		..\..\Stripe_v1.pptx = ..\..\Stripe_v1.pptx
		..\Presentation\StripePayment.swf = ..\Presentation\StripePayment.swf
	EndProjectSection
EndProject
Global
	GlobalSection(SolutionConfigurationPlatforms) = preSolution
		Debug|Any CPU = Debug|Any CPU
		Release|Any CPU = Release|Any CPU
	EndGlobalSection
	GlobalSection(ProjectConfigurationPlatforms) = postSolution
		{101164CE-885F-45A0-A26C-3D0D3777BF18}.Debug|Any CPU.ActiveCfg = Debug|Any CPU
		{101164CE-885F-45A0-A26C-3D0D3777BF18}.Debug|Any CPU.Build.0 = Debug|Any CPU
		{101164CE-885F-45A0-A26C-3D0D3777BF18}.Release|Any CPU.ActiveCfg = Release|Any CPU
		{101164CE-885F-45A0-A26C-3D0D3777BF18}.Release|Any CPU.Build.0 = Release|Any CPU
	EndGlobalSection
	GlobalSection(SolutionProperties) = preSolution
		HideSolutionNode = FALSE
	EndGlobalSection
	GlobalSection(NestedProjects) = preSolution
		{101164CE-885F-45A0-A26C-3D0D3777BF18} = {7C70714F-A3B4-4891-9D75-3912E7DC3C3E}
	EndGlobalSection
EndGlobal
